
Microsoft Visual Studio Solution File, Format Version 12.00
# Visual Studio Version 17
VisualStudioVersion = 17.9.34701.34
MinimumVisualStudioVersion = 10.0.40219.1
Project("{9A19103F-16F7-4668-BE54-9A1E7A4F7556}") = "bbetterApi", "bbetterApi\bbetterApi.csproj", "{729EA107-06CD-40E6-9511-5466C919B37D}"
	ProjectSection(ProjectDependencies) = postProject
		{DB48D771-49DF-4334-A05A-9BC7BFB85B32} = {DB48D771-49DF-4334-A05A-9BC7BFB85B32}
	EndProjectSection
EndProject
Project("{9A19103F-16F7-4668-BE54-9A1E7A4F7556}") = "database", "database\database.csproj", "{DB48D771-49DF-4334-A05A-9BC7BFB85B32}"
EndProject
Global
	GlobalSection(SolutionConfigurationPlatforms) = preSolution
		Debug|Any CPU = Debug|Any CPU
		Release|Any CPU = Release|Any CPU
	EndGlobalSection
	GlobalSection(ProjectConfigurationPlatforms) = postSolution
		{729EA107-06CD-40E6-9511-5466C919B37D}.Debug|Any CPU.ActiveCfg = Debug|Any CPU
		{729EA107-06CD-40E6-9511-5466C919B37D}.Debug|Any CPU.Build.0 = Debug|Any CPU
		{729EA107-06CD-40E6-9511-5466C919B37D}.Release|Any CPU.ActiveCfg = Release|Any CPU
		{729EA107-06CD-40E6-9511-5466C919B37D}.Release|Any CPU.Build.0 = Release|Any CPU
		{DB48D771-49DF-4334-A05A-9BC7BFB85B32}.Debug|Any CPU.ActiveCfg = Debug|Any CPU
		{DB48D771-49DF-4334-A05A-9BC7BFB85B32}.Debug|Any CPU.Build.0 = Debug|Any CPU
		{DB48D771-49DF-4334-A05A-9BC7BFB85B32}.Release|Any CPU.ActiveCfg = Release|Any CPU
		{DB48D771-49DF-4334-A05A-9BC7BFB85B32}.Release|Any CPU.Build.0 = Release|Any CPU
	EndGlobalSection
	GlobalSection(SolutionProperties) = preSolution
		HideSolutionNode = FALSE
	EndGlobalSection
	GlobalSection(ExtensibilityGlobals) = postSolution
		SolutionGuid = {A8C96F5F-D996-4161-BBCC-0CD66E004E9E}
	EndGlobalSection
EndGlobal
